
Microsoft Visual Studio Solution File, Format Version 12.00
# Visual Studio Version 18
VisualStudioVersion = 18.3.11222.16
MinimumVisualStudioVersion = 10.0.40219.1
Project("{2150E333-8FDC-42A3-9474-1A3956D46DE8}") = "src", "src", "{827E0CD3-B72D-47B6-A68D-7590B98EB39B}"
EndProject
Project("{2150E333-8FDC-42A3-9474-1A3956D46DE8}") = "Aircraft-Transmission-System", "Aircraft-Transmission-System", "{5760755E-F9DD-4CB4-E10B-CB7A2723C7D0}"
EndProject
Project("{FAE04EC0-301F-11D3-BF4B-00C04F79EFBC}") = "AircraftTransmissionSystem", "src\Aircraft-Transmission-System\AircraftTransmissionSystem.csproj", "{FA1CC455-B099-4482-B630-069C74C33DFA}"
EndProject
Project("{2150E333-8FDC-42A3-9474-1A3956D46DE8}") = "Ground-Terminal-System", "Ground-Terminal-System", "{CD215E91-32F3-D64F-AE7A-D8348D590B96}"
EndProject
Project("{FAE04EC0-301F-11D3-BF4B-00C04F79EFBC}") = "GroundTerminalSystem", "src\Ground-Terminal-System\GroundTerminalSystem.csproj", "{076B5A3A-CFB5-4C96-AE52-F94F43EE9C1B}"
EndProject
Project("{2150E333-8FDC-42A3-9474-1A3956D46DE8}") = "tests", "tests", "{0AB3BF05-4346-4AA6-1389-037BE0695223}"
EndProject
Project("{2150E333-8FDC-42A3-9474-1A3956D46DE8}") = "Aircraft-Transmission-System-Tests", "Aircraft-Transmission-System-Tests", "{5A07954D-607E-9633-0407-401786C43C4E}"
EndProject
Project("{FAE04EC0-301F-11D3-BF4B-00C04F79EFBC}") = "AircraftTransmissionSystem.Tests", "tests\Aircraft-Transmission-System-Tests\AircraftTransmissionSystem.Tests.csproj", "{E3618788-B039-45BD-A658-7ACD2E21483D}"
EndProject
Project("{2150E333-8FDC-42A3-9474-1A3956D46DE8}") = "Ground-Terminal-System-Tests", "Ground-Terminal-System-Tests", "{AEF8EA91-4AD6-B88D-5478-F8E55A19D5F3}"
EndProject
Project("{FAE04EC0-301F-11D3-BF4B-00C04F79EFBC}") = "GroundTerminalSystem.Tests", "tests\Ground-Terminal-System-Tests\GroundTerminalSystem.Tests.csproj", "{10494986-3ECE-4462-8D75-66A2943CDDDA}"
EndProject
Project("{2150E333-8FDC-42A3-9474-1A3956D46DE8}") = "Integration-Tests", "Integration-Tests", "{64F25E59-3078-78AD-2A20-2A904F7AD2B3}"
EndProject
Project("{FAE04EC0-301F-11D3-BF4B-00C04F79EFBC}") = "IntegrationTests", "tests\Integration-Tests\IntegrationTests.csproj", "{F9CB9BDF-9880-4EF8-B2F3-19952C39A846}"
EndProject
Project("{2150E333-8FDC-42A3-9474-1A3956D46DE8}") = "Solution Items", "Solution Items", "{089100B1-113F-4E66-888A-E83F3999EAFD}"
	ProjectSection(SolutionItems) = preProject
		.editorconfig = .editorconfig
		.gitignore = .gitignore
		Directory.Build.props = Directory.Build.props
	EndProjectSection
EndProject
Global
	GlobalSection(SolutionConfigurationPlatforms) = preSolution
		Debug|Any CPU = Debug|Any CPU
		Debug|x64 = Debug|x64
		Debug|x86 = Debug|x86
		Release|Any CPU = Release|Any CPU
		Release|x64 = Release|x64
		Release|x86 = Release|x86
	EndGlobalSection
	GlobalSection(ProjectConfigurationPlatforms) = postSolution
		{FA1CC455-B099-4482-B630-069C74C33DFA}.Debug|Any CPU.ActiveCfg = Debug|Any CPU
		{FA1CC455-B099-4482-B630-069C74C33DFA}.Debug|Any CPU.Build.0 = Debug|Any CPU
		{FA1CC455-B099-4482-B630-069C74C33DFA}.Debug|x64.ActiveCfg = Debug|Any CPU
		{FA1CC455-B099-4482-B630-069C74C33DFA}.Debug|x64.Build.0 = Debug|Any CPU
		{FA1CC455-B099-4482-B630-069C74C33DFA}.Debug|x86.ActiveCfg = Debug|Any CPU
		{FA1CC455-B099-4482-B630-069C74C33DFA}.Debug|x86.Build.0 = Debug|Any CPU
		{FA1CC455-B099-4482-B630-069C74C33DFA}.Release|Any CPU.ActiveCfg = Release|Any CPU
		{FA1CC455-B099-4482-B630-069C74C33DFA}.Release|Any CPU.Build.0 = Release|Any CPU
		{FA1CC455-B099-4482-B630-069C74C33DFA}.Release|x64.ActiveCfg = Release|Any CPU
		{FA1CC455-B099-4482-B630-069C74C33DFA}.Release|x64.Build.0 = Release|Any CPU
		{FA1CC455-B099-4482-B630-069C74C33DFA}.Release|x86.ActiveCfg = Release|Any CPU
		{FA1CC455-B099-4482-B630-069C74C33DFA}.Release|x86.Build.0 = Release|Any CPU
		{076B5A3A-CFB5-4C96-AE52-F94F43EE9C1B}.Debug|Any CPU.ActiveCfg = Debug|Any CPU
		{076B5A3A-CFB5-4C96-AE52-F94F43EE9C1B}.Debug|Any CPU.Build.0 = Debug|Any CPU
		{076B5A3A-CFB5-4C96-AE52-F94F43EE9C1B}.Debug|x64.ActiveCfg = Debug|Any CPU
		{076B5A3A-CFB5-4C96-AE52-F94F43EE9C1B}.Debug|x64.Build.0 = Debug|Any CPU
		{076B5A3A-CFB5-4C96-AE52-F94F43EE9C1B}.Debug|x86.ActiveCfg = Debug|Any CPU
		{076B5A3A-CFB5-4C96-AE52-F94F43EE9C1B}.Debug|x86.Build.0 = Debug|Any CPU
		{076B5A3A-CFB5-4C96-AE52-F94F43EE9C1B}.Release|Any CPU.ActiveCfg = Release|Any CPU
		{076B5A3A-CFB5-4C96-AE52-F94F43EE9C1B}.Release|Any CPU.Build.0 = Release|Any CPU
		{076B5A3A-CFB5-4C96-AE52-F94F43EE9C1B}.Release|x64.ActiveCfg = Release|Any CPU
		{076B5A3A-CFB5-4C96-AE52-F94F43EE9C1B}.Release|x64.Build.0 = Release|Any CPU
		{076B5A3A-CFB5-4C96-AE52-F94F43EE9C1B}.Release|x86.ActiveCfg = Release|Any CPU
		{076B5A3A-CFB5-4C96-AE52-F94F43EE9C1B}.Release|x86.Build.0 = Release|Any CPU
		{E3618788-B039-45BD-A658-7ACD2E21483D}.Debug|Any CPU.ActiveCfg = Debug|Any CPU
		{E3618788-B039-45BD-A658-7ACD2E21483D}.Debug|Any CPU.Build.0 = Debug|Any CPU
		{E3618788-B039-45BD-A658-7ACD2E21483D}.Debug|x64.ActiveCfg = Debug|Any CPU
		{E3618788-B039-45BD-A658-7ACD2E21483D}.Debug|x64.Build.0 = Debug|Any CPU
		{E3618788-B039-45BD-A658-7ACD2E21483D}.Debug|x86.ActiveCfg = Debug|Any CPU
		{E3618788-B039-45BD-A658-7ACD2E21483D}.Debug|x86.Build.0 = Debug|Any CPU
		{E3618788-B039-45BD-A658-7ACD2E21483D}.Release|Any CPU.ActiveCfg = Release|Any CPU
		{E3618788-B039-45BD-A658-7ACD2E21483D}.Release|Any CPU.Build.0 = Release|Any CPU
		{E3618788-B039-45BD-A658-7ACD2E21483D}.Release|x64.ActiveCfg = Release|Any CPU
		{E3618788-B039-45BD-A658-7ACD2E21483D}.Release|x64.Build.0 = Release|Any CPU
		{E3618788-B039-45BD-A658-7ACD2E21483D}.Release|x86.ActiveCfg = Release|Any CPU
		{E3618788-B039-45BD-A658-7ACD2E21483D}.Release|x86.Build.0 = Release|Any CPU
		{10494986-3ECE-4462-8D75-66A2943CDDDA}.Debug|Any CPU.ActiveCfg = Debug|Any CPU
		{10494986-3ECE-4462-8D75-66A2943CDDDA}.Debug|Any CPU.Build.0 = Debug|Any CPU
		{10494986-3ECE-4462-8D75-66A2943CDDDA}.Debug|x64.ActiveCfg = Debug|Any CPU
		{10494986-3ECE-4462-8D75-66A2943CDDDA}.Debug|x64.Build.0 = Debug|Any CPU
		{10494986-3ECE-4462-8D75-66A2943CDDDA}.Debug|x86.ActiveCfg = Debug|Any CPU
		{10494986-3ECE-4462-8D75-66A2943CDDDA}.Debug|x86.Build.0 = Debug|Any CPU
		{10494986-3ECE-4462-8D75-66A2943CDDDA}.Release|Any CPU.ActiveCfg = Release|Any CPU
		{10494986-3ECE-4462-8D75-66A2943CDDDA}.Release|Any CPU.Build.0 = Release|Any CPU
		{10494986-3ECE-4462-8D75-66A2943CDDDA}.Release|x64.ActiveCfg = Release|Any CPU
		{10494986-3ECE-4462-8D75-66A2943CDDDA}.Release|x64.Build.0 = Release|Any CPU
		{10494986-3ECE-4462-8D75-66A2943CDDDA}.Release|x86.ActiveCfg = Release|Any CPU
		{10494986-3ECE-4462-8D75-66A2943CDDDA}.Release|x86.Build.0 = Release|Any CPU
		{F9CB9BDF-9880-4EF8-B2F3-19952C39A846}.Debug|Any CPU.ActiveCfg = Debug|Any CPU
		{F9CB9BDF-9880-4EF8-B2F3-19952C39A846}.Debug|Any CPU.Build.0 = Debug|Any CPU
		{F9CB9BDF-9880-4EF8-B2F3-19952C39A846}.Debug|x64.ActiveCfg = Debug|Any CPU
		{F9CB9BDF-9880-4EF8-B2F3-19952C39A846}.Debug|x64.Build.0 = Debug|Any CPU
		{F9CB9BDF-9880-4EF8-B2F3-19952C39A846}.Debug|x86.ActiveCfg = Debug|Any CPU
		{F9CB9BDF-9880-4EF8-B2F3-19952C39A846}.Debug|x86.Build.0 = Debug|Any CPU
		{F9CB9BDF-9880-4EF8-B2F3-19952C39A846}.Release|Any CPU.ActiveCfg = Release|Any CPU
		{F9CB9BDF-9880-4EF8-B2F3-19952C39A846}.Release|Any CPU.Build.0 = Release|Any CPU
		{F9CB9BDF-9880-4EF8-B2F3-19952C39A846}.Release|x64.ActiveCfg = Release|Any CPU
		{F9CB9BDF-9880-4EF8-B2F3-19952C39A846}.Release|x64.Build.0 = Release|Any CPU
		{F9CB9BDF-9880-4EF8-B2F3-19952C39A846}.Release|x86.ActiveCfg = Release|Any CPU
		{F9CB9BDF-9880-4EF8-B2F3-19952C39A846}.Release|x86.Build.0 = Release|Any CPU
	EndGlobalSection
	GlobalSection(SolutionProperties) = preSolution
		HideSolutionNode = FALSE
	EndGlobalSection
	GlobalSection(NestedProjects) = preSolution
		{5760755E-F9DD-4CB4-E10B-CB7A2723C7D0} = {827E0CD3-B72D-47B6-A68D-7590B98EB39B}
		{FA1CC455-B099-4482-B630-069C74C33DFA} = {5760755E-F9DD-4CB4-E10B-CB7A2723C7D0}
		{CD215E91-32F3-D64F-AE7A-D8348D590B96} = {827E0CD3-B72D-47B6-A68D-7590B98EB39B}
		{076B5A3A-CFB5-4C96-AE52-F94F43EE9C1B} = {CD215E91-32F3-D64F-AE7A-D8348D590B96}
		{5A07954D-607E-9633-0407-401786C43C4E} = {0AB3BF05-4346-4AA6-1389-037BE0695223}
		{E3618788-B039-45BD-A658-7ACD2E21483D} = {5A07954D-607E-9633-0407-401786C43C4E}
		{AEF8EA91-4AD6-B88D-5478-F8E55A19D5F3} = {0AB3BF05-4346-4AA6-1389-037BE0695223}
		{10494986-3ECE-4462-8D75-66A2943CDDDA} = {AEF8EA91-4AD6-B88D-5478-F8E55A19D5F3}
		{64F25E59-3078-78AD-2A20-2A904F7AD2B3} = {0AB3BF05-4346-4AA6-1389-037BE0695223}
		{F9CB9BDF-9880-4EF8-B2F3-19952C39A846} = {64F25E59-3078-78AD-2A20-2A904F7AD2B3}
	EndGlobalSection
	GlobalSection(ExtensibilityGlobals) = postSolution
		SolutionGuid = {4F3E9F2E-DD0D-4A97-8404-10B737D850C0}
	EndGlobalSection
EndGlobal
