<Solution>
  <Folder Name="/src/" />
  <Folder Name="/src/Aircraft-Transmission-System/">
    <Project Path="src/Aircraft-Transmission-System/AircraftTransmissionSystem.csproj" />
  </Folder>
  <Folder Name="/src/Ground-Terminal-System/">
    <Project Path="src/Ground-Terminal-System/GroundTerminalSystem.csproj" />
  </Folder>
  <Folder Name="/tests/" />
  <Folder Name="/tests/Aircraft-Transmission-System-Tests/">
    <Project Path="tests/Aircraft-Transmission-System-Tests/AircraftTransmissionSystem.Tests.csproj" />
  </Folder>
  <Folder Name="/tests/Ground-Terminal-System-Tests/">
    <Project Path="tests/Ground-Terminal-System-Tests/GroundTerminalSystem.Tests.csproj" />
  </Folder>
  <Folder Name="/tests/Integration-Tests/">
    <Project Path="tests/Integration-Tests/IntegrationTests.csproj" />
  </Folder>
</Solution>
